{
  "name": "sentiment",
  "version": "1.0.0",
  "lockfileVersion": 1,
  "requires": true,
  "dependencies": {
    "Sentimental": {
      "version": "1.0.1",
      "resolved": "https://registry.npmjs.org/Sentimental/-/Sentimental-1.0.1.tgz",
      "integrity": "sha1-EV45gS4tKEtEqstVInkGtFE3uS8="
    }
  }
}
